# This file was autogenerated by Stack.
# You should not edit this file by hand.
# For more information, please see the documentation at:
#   https://docs.haskellstack.org/en/stable/lock_files

packages:
- completed:
    hackage: ConfigFile-1.1.4@sha256:ca56261e1deae6ef958a337b03812987bfd94ab37b047e27f262bc3137813165,2056
    pantry-tree:
      size: 1016
      sha256: 58c2dbae1878d8f5bcac2848712ccfe90391bb1e6b719f43d044ead6c496f748
  original:
    hackage: ConfigFile-1.1.4
- completed:
    hackage: system-locale-0.3.0.0@sha256:13b3982403d8ac8cc6138e68802be8d8e7cf7ebc4cbc7e47e99e3c0dd1be066a,1529
    pantry-tree:
      size: 446
      sha256: 3b22af3e6315835bf614a0d30381ec7e47aca147b59ba601aeaa26f1fdc19373
  original:
    hackage: system-locale-0.3.0.0
- completed:
    hackage: gi-harfbuzz-0.0.3@sha256:0550f498854b7edac66b1a09f283e5b5c86033aff58b4ac30b024ae59e1bd866,5869
    pantry-tree:
      size: 364
      sha256: f33e284484ab7520bb115508fe1ddae5585e42aa292c97f4f6abb2e7ec3d60eb
  original:
    hackage: gi-harfbuzz-0.0.3
- completed:
    hackage: dbus-0.10.15@sha256:0cbccdf3f249f7d1485643df6e1a70d360b02b467fdc37c61c73de7fb327336d,4079
    pantry-tree:
      size: 2275
      sha256: 8ac4beea6d6a51079e7f47506822803da8ac26fff7a0aff905debcf350a643e8
  original:
    hackage: dbus-0.10.15
- completed:
    hackage: gtk3-0.15.4@sha256:e8de08763cb757c4be202a4eb7551a108b49cd59aa90bc7e2d680893d5fccec1,19491
    pantry-tree:
      size: 21251
      sha256: d58917c46a6a8477a471d914783798a43bf63341a355bc27442a8fd34d76aea3
  original:
    hackage: gtk3-0.15.4
- completed:
    hackage: stm-2.5.0.0@sha256:c238075f9f0711cd6a78eab6001b3e218cdaa745d6377bf83cc21e58ceec2ea1,2100
    pantry-tree:
      size: 898
      sha256: 8ef9688d399f931a040d5d316ef8d40efacc14fcb099eba637adb7d00e75ecde
  original:
    hackage: stm-2.5.0.0
- completed:
    hackage: hgettext-0.1.31.0@sha256:4fcaa4d2c12b8a3f25bca217523732bc37e868c3106de00bed35fc4a2103a6ad,2408
    pantry-tree:
      size: 412
      sha256: 25d8b4df7265e73f9e245b3fa423e4db9f1225e68b64173381d48876c7156c79
  original:
    hackage: hgettext-0.1.31.0
- completed:
    hackage: glib-0.13.8.1@sha256:42670daf0c85309281e08ba8559df75daa2e3be642e79fdfa781bef5e59658b0,3156
    pantry-tree:
      size: 1625
      sha256: 1167575db8823b7a9f5fbaebdbc0ea5cef54301e442754ec256ba9371bd388e7
  original:
    hackage: glib-0.13.8.1
- completed:
    hackage: pango-0.13.8.1@sha256:877b121c0bf87c96d3619effae6751ecfd74b7f7f3227cf3fde012597aed5ed9,3917
    pantry-tree:
      size: 1506
      sha256: eec456a3d16f1a9305196a86a7c49a6f2cfe1b041a50b02059dc4898a07a3bd9
  original:
    hackage: pango-0.13.8.1
- completed:
    hackage: gio-0.13.8.0@sha256:5691212b07dc4193ea6f8202a625c9515d750b249aeafc659139e29a5ec61436,3116
    pantry-tree:
      size: 2036
      sha256: 0dd6b7b8aceaa8bf6e356f63337e20d312c568b345b57f5c3f4b3aab5c219cac
  original:
    hackage: gio-0.13.8.0
- completed:
    hackage: gi-pango-1.0.23@sha256:160443e93def8aa95e66fe1de40d51bb12ee922f7cafe6e33d6009f5490c66c5,8233
    pantry-tree:
      size: 360
      sha256: fc5b1f6835549f148284950ab540df9d9f4d7a75df958b5de5e4c01d922dcb37
  original:
    hackage: gi-pango-1.0.23
- completed:
    hackage: haskell-gi-0.24.5@sha256:a7a29f3bd532c3a36c64d5c0b6d7cc0ab990ace22029e4a3b1daae3f545d5989,5241
    pantry-tree:
      size: 4348
      sha256: 4d8864a46675e648638091f1f443bfd828a0fb8b3527db3335821006866575cd
  original:
    hackage: haskell-gi-0.24.5
- completed:
    hackage: haskell-gi-base-0.24.4@sha256:436539663b9ed5b5f8228cb0a702e270207c649b0320bc44b440046d3b608e74,2435
    pantry-tree:
      size: 1937
      sha256: 76f7ff59ce0be278e635dd6698c495a12def5801047f7c2cd904cfb080e42951
  original:
    hackage: haskell-gi-base-0.24.4
- completed:
    hackage: gi-glib-2.0.24@sha256:46726f0fb6b0ef0d6f6620d53025a9ca2a5bc273ab65496b368df7bc3dbe6d83,9558
    pantry-tree:
      size: 358
      sha256: b51e43df984a63058ca529a99875a3c42a37827cf11694542abf77586cf28532
  original:
    hackage: gi-glib-2.0.24
- completed:
    hackage: gi-cairo-1.0.24@sha256:451ba2f6f0954805c6d38f1e0bffd849607160e824abf4e077a95e999ef237dd,3727
    pantry-tree:
      size: 358
      sha256: 3e8d149deabf1894faec5b3e9e35869ad8174f911be659c9766b183b92770994
  original:
    hackage: gi-cairo-1.0.24
- completed:
    hackage: gi-atk-2.0.22@sha256:6ec2197aee4a1b5966302fc2875be05a9b3a54f694c4a6a9a330f4b0211223c5,6791
    pantry-tree:
      size: 355
      sha256: b1398e06f447003ef9c9dde64ebae1cab214db2b20a179a85837604ddb0ac12b
  original:
    hackage: gi-atk-2.0.22
- completed:
    hackage: gi-gdk-3.0.23@sha256:33ad689aa6e1463c57946762016a789b6cb663df174e31f9705956a9385b7b0f,9003
    pantry-tree:
      size: 355
      sha256: 11ff63701019ed413a143b84849f058a83770ba251c8f5743a7edf5d252a1049
  original:
    hackage: gi-gdk-3.0.23
- completed:
    hackage: gi-gdkpixbuf-2.0.24@sha256:287c7233cfecb69a6aff0fb6a952862d759b5562b488bb8046229ee0f4372c6f,3842
    pantry-tree:
      size: 368
      sha256: 9819be48b98d91cc69d84a9cc7c997262443e1c4d37a224a3a2f12b55c877740
  original:
    hackage: gi-gdkpixbuf-2.0.24
- completed:
    hackage: gi-gio-2.0.27@sha256:6535951e2ad0882bc7231da56457be52a85e99cb56acec9ec9919f1c15bed728,21981
    pantry-tree:
      size: 359
      sha256: 75d3bd5fc1f9c00268537219d309ca289666da051835f6813bb636cebf4f1191
  original:
    hackage: gi-gio-2.0.27
- completed:
    hackage: gi-gobject-2.0.25@sha256:95ca4fd52538ad9b41e54fc9324a93fd680052f8ebb25811e3dc6f8a94bff009,9349
    pantry-tree:
      size: 364
      sha256: 3187d2ae59029b353e1fa134cd7716e4602483d2f1b86fee02c957b4a0065e2b
  original:
    hackage: gi-gobject-2.0.25
- completed:
    hackage: gi-gtk-3.0.36@sha256:ed4525766763f290aa03ae19e41a31c429a8d381729d4869e7c44e551351df6a,39016
    pantry-tree:
      size: 359
      sha256: cd1718b99526699f158dce646c2c20cf51eedca7f78c33f8d6290e2ba46ccbb4
  original:
    hackage: gi-gtk-3.0.36
- completed:
    hackage: gi-graphene-1.0.2@sha256:87b4e7f6728f6f828ed756ff21f283ae12950e80541007154d0034dee3cca20f,4645
    pantry-tree:
      size: 361
      sha256: fae14732d11aa188f402905c3741a4881c362ab42b5f168313e67968bb7e17b0
  original:
    hackage: gi-graphene-1.0.2
- completed:
    hackage: ansi-terminal-0.11@sha256:97470250c92aae14c4c810d7f664c532995ba8910e2ad797b29f22ad0d2d0194,3307
    pantry-tree:
      size: 1461
      sha256: 4098c4b8bb503fcf0730aedc8247a479d3e22fd1fe4c6b4b2b2b5da30bdfb713
  original:
    hackage: ansi-terminal-0.11
snapshots:
- completed:
    size: 506735
    url: https://raw.githubusercontent.com/commercialhaskell/stackage-snapshots/master/lts/12/19.yaml
    sha256: 78de20c2fce471a4c4a19e935e216538e7f0308f6f15ad72aedc5484de45f09b
  original: lts-12.19
