# This file was autogenerated by Stack.
# You should not edit this file by hand.
# For more information, please see the documentation at:
#   https://docs.haskellstack.org/en/stable/lock_files

packages:
- completed:
    hackage: env-locale-1.0.0.1@sha256:aedab9b7bbed9f523f9821771b4c67d64f34a00be2be60de1d25b1a97278d475,894
    pantry-tree:
      sha256: 091cde93ceb962d18f21ec926436dc03bab61137db9eae9841f6c75725e09e5f
      size: 271
  original:
    hackage: env-locale-1.0.0.1
- completed:
    hackage: haskell-gettext-0.1.2.0@sha256:e16fc0521aa6cd53febb7916b178c43afcc7ea7c93cb70818f4ded6cc3cdad98,2930
    pantry-tree:
      sha256: a9a2f74cc9c969be0a5e84fd39190358d9de451d97bc995d3379bcb0b627067a
      size: 579
  original:
    hackage: haskell-gettext-0.1.2.0
snapshots:
- completed:
    sha256: 97710f56bf093fca0ee5d8dbe19d96b654c752e405b66795b4baedd84a794c60
    size: 640010
    url: https://raw.githubusercontent.com/commercialhaskell/stackage-snapshots/master/lts/21/3.yaml
  original: lts-21.3
